<?xml version="1.0" encoding="utf-8"?>
<Project xmlns="http://schemas.microsoft.com/developer/msbuild/2003">
  <ItemGroup>
    <Filter Include="Generated Files">
      <UniqueIdentifier>{71ED8ED8-ACB9-4CE9-BBE1-E00B30144E11}</UniqueIdentifier>
      <Extensions>cpp;c;cxx;moc;h;def;odl;idl;res;</Extensions>
    </Filter>
    <Filter Include="Generated Files">
      <UniqueIdentifier>{71ED8ED8-ACB9-4CE9-BBE1-E00B30144E11}</UniqueIdentifier>
      <Extensions>cpp;c;cxx;moc;h;def;odl;idl;res;</Extensions>
    </Filter>
    <Filter Include="Header Files">
      <UniqueIdentifier>{93995380-89BD-4b04-88EB-625FBE52EBFB}</UniqueIdentifier>
      <Extensions>h;hpp;hxx;hm;inl;inc;xsd</Extensions>
    </Filter>
    <Filter Include="Header Files">
      <UniqueIdentifier>{93995380-89BD-4b04-88EB-625FBE52EBFB}</UniqueIdentifier>
      <Extensions>h;hpp;hxx;hm;inl;inc;xsd</Extensions>
    </Filter>
    <Filter Include="Resource Files">
      <UniqueIdentifier>{D9D6E242-F8AF-46E4-B9FD-80ECBC20BA3E}</UniqueIdentifier>
      <Extensions>qrc;*</Extensions>
      <ParseFiles>false</ParseFiles>
    </Filter>
    <Filter Include="Resource Files">
      <UniqueIdentifier>{D9D6E242-F8AF-46E4-B9FD-80ECBC20BA3E}</UniqueIdentifier>
      <Extensions>qrc;*</Extensions>
      <ParseFiles>false</ParseFiles>
    </Filter>
    <Filter Include="Source Files">
      <UniqueIdentifier>{4FC737F1-C7A5-4376-A066-2A32D752A2FF}</UniqueIdentifier>
      <Extensions>cpp;c;cxx;def;odl;idl;hpj;bat;asm;asmx</Extensions>
    </Filter>
    <Filter Include="Source Files">
      <UniqueIdentifier>{4FC737F1-C7A5-4376-A066-2A32D752A2FF}</UniqueIdentifier>
      <Extensions>cpp;c;cxx;def;odl;idl;hpj;bat;asm;asmx</Extensions>
    </Filter>
    <Filter Include="Distribution Files">
      <UniqueIdentifier>{B83CAF91-C7BF-462F-B76C-EA11631F866C}</UniqueIdentifier>
      <Extensions>*</Extensions>
      <ParseFiles>false</ParseFiles>
    </Filter>
    <Filter Include="Distribution Files">
      <UniqueIdentifier>{B83CAF91-C7BF-462F-B76C-EA11631F866C}</UniqueIdentifier>
      <Extensions>*</Extensions>
      <ParseFiles>false</ParseFiles>
    </Filter>
  </ItemGroup>
  <ItemGroup>
    <ClCompile Include="..\src\ArchiveReader.cpp">
      <Filter>Source Files</Filter>
    </ClCompile>
    <ClCompile Include="..\src\imgprovider.cpp">
      <Filter>Source Files</Filter>
    </ClCompile>
    <ClCompile Include="..\src\main.cpp">
      <Filter>Source Files</Filter>
    </ClCompile>
    <ClCompile Include="..\src\preloadworker.cpp">
      <Filter>Source Files</Filter>
    </ClCompile>
    <ClCompile Include="..\src\image_process.cpp">
      <Filter>Source Files</Filter>
    </ClCompile>
  </ItemGroup>
  <ItemGroup>
    <ClInclude Include="..\include\ArchiveReader.h">
      <Filter>Header Files</Filter>
    </ClInclude>
    <ClInclude Include="..\include\cache.h">
      <Filter>Header Files</Filter>
    </ClInclude>
    <ClInclude Include="..\include\comic_book_reader_contract.h">
      <Filter>Header Files</Filter>
    </ClInclude>
    <ClInclude Include="..\include\image_process.h">
      <Filter>Header Files</Filter>
    </ClInclude>
    <QtMoc Include="..\include\imgprovider.h">
      <Filter>Header Files</Filter>
    </QtMoc>
    <ClInclude Include="..\include\preloadworker.h">
      <Filter>Header Files</Filter>
    </ClInclude>
  </ItemGroup>
  <ItemGroup>
    <CustomBuild Include="debug\moc_predefs.h.cbt">
      <Filter>Generated Files</Filter>
    </CustomBuild>
    <CustomBuild Include="release\moc_predefs.h.cbt">
      <Filter>Generated Files</Filter>
    </CustomBuild>
  </ItemGroup>
  <ItemGroup>
    <None Include="..\src\CustomButton.qml">
      <Filter>Resource Files</Filter>
    </None>
    <None Include="..\src\CustomSeparator.qml">
      <Filter>Resource Files</Filter>
    </None>
    <None Include="..\src\CustomSeparatorHorizontal.qml">
      <Filter>Resource Files</Filter>
    </None>
    <None Include="..\src\CustomSlider.qml">
      <Filter>Resource Files</Filter>
    </None>
    <None Include="..\src\CustomSliderVertical.qml">
      <Filter>Resource Files</Filter>
    </None>
    <None Include="..\src\main.qml">
      <Filter>Resource Files</Filter>
    </None>
    <QtRcc Include="..\src\qml.qrc">
      <Filter>Resource Files</Filter>
    </QtRcc>
    <None Include="..\src\CustomButton.qml" />
    <None Include="..\src\CustomSeparator.qml" />
    <None Include="..\src\CustomSeparatorHorizontal.qml" />
    <None Include="..\src\CustomSlider.qml" />
    <None Include="..\src\CustomSliderVertical.qml" />
    <None Include="..\src\main.qml" />
    <None Include="..\src\CustomButton.qml" />
    <None Include="..\src\CustomSeparator.qml" />
    <None Include="..\src\CustomSeparatorHorizontal.qml" />
    <None Include="..\src\CustomSlider.qml" />
    <None Include="..\src\CustomSliderVertical.qml" />
    <None Include="..\src\main.qml" />
    <None Include="ClassDiagram.cd" />
    <None Include="..\src\CustomButton.qml" />
    <None Include="..\src\CustomSeparator.qml" />
    <None Include="..\src\CustomSeparatorHorizontal.qml" />
    <None Include="..\src\CustomSlider.qml" />
    <None Include="..\src\CustomSliderVertical.qml" />
    <None Include="..\src\main.qml" />
  </ItemGroup>
  <ItemGroup>
    <None Include="..\src\CustomButton.qml">
      <Filter>Distribution Files</Filter>
    </None>
    <None Include="..\src\CustomSeparator.qml">
      <Filter>Distribution Files</Filter>
    </None>
    <None Include="..\src\CustomSeparatorHorizontal.qml">
      <Filter>Distribution Files</Filter>
    </None>
    <None Include="..\src\CustomSlider.qml">
      <Filter>Distribution Files</Filter>
    </None>
    <None Include="..\src\CustomSliderVertical.qml">
      <Filter>Distribution Files</Filter>
    </None>
    <None Include="..\src\main.qml">
      <Filter>Distribution Files</Filter>
    </None>
  </ItemGroup>
</Project>